{
  "name": "urban-test",
  "version": "1.0.0",
  "lockfileVersion": 3,
  "requires": true,
  "packages": {
    "": {
      "name": "urban-test",
      "version": "1.0.0",
      "dependencies": {
        "@expo/ui": "~57.0.4",
        "@expo/vector-icons": "~15.0.2",
        "expo": "~57.0.4",
        "expo-build-properties": "~57.0.3",
        "expo-constants": "~57.0.3",
        "expo-device": "~57.0.0",
        "expo-file-system": "~57.0.0",
        "expo-font": "~57.0.0",
        "expo-glass-effect": "~57.0.0",
        "expo-image": "~57.0.0",
        "expo-image-manipulator": "~57.0.2",
        "expo-linking": "~57.0.2",
        "expo-router": "~57.0.4",
        "expo-splash-screen": "~57.0.2",
        "expo-status-bar": "~57.0.0",
        "expo-symbols": "~57.0.0",
        "expo-system-ui": "~57.0.0",
        "expo-web-browser": "~57.0.0",
        "jpeg-js": "^0.4.4",
        "onnxruntime-react-native": "1.24.3",
        "react": "19.2.3",
        "react-dom": "19.2.3",
        "react-native": "0.86.0",
        "react-native-gesture-handler": "~2.32.0",
        "react-native-reanimated": "4.5.0",
        "react-native-safe-area-context": "~5.7.0",
        "react-native-screens": "4.25.2",
        "react-native-vision-camera": "^5.1.0",
        "react-native-web": "~0.21.0",
        "react-native-worklets": "0.10.0",
        "react-native-worklets-core": "^1.6.3",
        "vision-camera-resize-plugin": "^3.2.0"
      },
      "devDependencies": {
        "@types/react": "~19.2.2",
        "patch-package": "^8.0.1",
        "typescript": "~6.0.3"
      }
    },
    "node_modules/@expo/ui": {
      "version": "57.0.4",
      "resolved": "https://registry.npmjs.org/@expo/ui/-/ui-57.0.4.tgz"
    },
    "node_modules/@expo/vector-icons": {
      "version": "15.0.2",
      "resolved": "https://registry.npmjs.org/@expo/vector-icons/-/vector-icons-15.0.2.tgz"
    },
    "node_modules/@types/react": {
      "version": "19.2.2",
      "resolved": "https://registry.npmjs.org/@types/react/-/react-19.2.2.tgz"
    },
    "node_modules/expo": {
      "version": "57.0.4",
      "resolved": "https://registry.npmjs.org/expo/-/expo-57.0.4.tgz"
    },
    "node_modules/expo-build-properties": {
      "version": "57.0.3",
      "resolved": "https://registry.npmjs.org/expo-build-properties/-/expo-build-properties-57.0.3.tgz"
    },
    "node_modules/expo-constants": {
      "version": "57.0.3",
      "resolved": "https://registry.npmjs.org/expo-constants/-/expo-constants-57.0.3.tgz"
    },
    "node_modules/expo-device": {
      "version": "57.0.0",
      "resolved": "https://registry.npmjs.org/expo-device/-/expo-device-57.0.0.tgz"
    },
    "node_modules/expo-file-system": {
      "version": "57.0.0",
      "resolved": "https://registry.npmjs.org/expo-file-system/-/expo-file-system-57.0.0.tgz"
    },
    "node_modules/expo-font": {
      "version": "57.0.0",
      "resolved": "https://registry.npmjs.org/expo-font/-/expo-font-57.0.0.tgz"
    },
    "node_modules/expo-glass-effect": {
      "version": "57.0.0",
      "resolved": "https://registry.npmjs.org/expo-glass-effect/-/expo-glass-effect-57.0.0.tgz"
    },
    "node_modules/expo-image": {
      "version": "57.0.0",
      "resolved": "https://registry.npmjs.org/expo-image/-/expo-image-57.0.0.tgz"
    },
    "node_modules/expo-image-manipulator": {
      "version": "57.0.2",
      "resolved": "https://registry.npmjs.org/expo-image-manipulator/-/expo-image-manipulator-57.0.2.tgz"
    },
    "node_modules/expo-linking": {
      "version": "57.0.2",
      "resolved": "https://registry.npmjs.org/expo-linking/-/expo-linking-57.0.2.tgz"
    },
    "node_modules/expo-router": {
      "version": "57.0.4",
      "resolved": "https://registry.npmjs.org/expo-router/-/expo-router-57.0.4.tgz"
    },
    "node_modules/expo-splash-screen": {
      "version": "57.0.2",
      "resolved": "https://registry.npmjs.org/expo-splash-screen/-/expo-splash-screen-57.0.2.tgz"
    },
    "node_modules/expo-status-bar": {
      "version": "57.0.0",
      "resolved": "https://registry.npmjs.org/expo-status-bar/-/expo-status-bar-57.0.0.tgz"
    },
    "node_modules/expo-symbols": {
      "version": "57.0.0",
      "resolved": "https://registry.npmjs.org/expo-symbols/-/expo-symbols-57.0.0.tgz"
    },
    "node_modules/expo-system-ui": {
      "version": "57.0.0",
      "resolved": "https://registry.npmjs.org/expo-system-ui/-/expo-system-ui-57.0.0.tgz"
    },
    "node_modules/expo-web-browser": {
      "version": "57.0.0",
      "resolved": "https://registry.npmjs.org/expo-web-browser/-/expo-web-browser-57.0.0.tgz"
    },
    "node_modules/jpeg-js": {
      "version": "0.4.4",
      "resolved": "https://registry.npmjs.org/jpeg-js/-/jpeg-js-0.4.4.tgz"
    },
    "node_modules/onnxruntime-react-native": {
      "version": "1.24.3",
      "resolved": "https://registry.npmjs.org/onnxruntime-react-native/-/onnxruntime-react-native-1.24.3.tgz"
    },
    "node_modules/patch-package": {
      "version": "8.0.1",
      "resolved": "https://registry.npmjs.org/patch-package/-/patch-package-8.0.1.tgz"
    },
    "node_modules/react": {
      "version": "19.2.3",
      "resolved": "https://registry.npmjs.org/react/-/react-19.2.3.tgz"
    },
    "node_modules/react-dom": {
      "version": "19.2.3",
      "resolved": "https://registry.npmjs.org/react-dom/-/react-dom-19.2.3.tgz"
    },
    "node_modules/react-native": {
      "version": "0.86.0",
      "resolved": "https://registry.npmjs.org/react-native/-/react-native-0.86.0.tgz"
    },
    "node_modules/react-native-gesture-handler": {
      "version": "2.32.0",
      "resolved": "https://registry.npmjs.org/react-native-gesture-handler/-/react-native-gesture-handler-2.32.0.tgz"
    },
    "node_modules/react-native-reanimated": {
      "version": "4.5.0",
      "resolved": "https://registry.npmjs.org/react-native-reanimated/-/react-native-reanimated-4.5.0.tgz"
    },
    "node_modules/react-native-safe-area-context": {
      "version": "5.7.0",
      "resolved": "https://registry.npmjs.org/react-native-safe-area-context/-/react-native-safe-area-context-5.7.0.tgz"
    },
    "node_modules/react-native-screens": {
      "version": "4.25.2",
      "resolved": "https://registry.npmjs.org/react-native-screens/-/react-native-screens-4.25.2.tgz"
    },
    "node_modules/react-native-vision-camera": {
      "version": "5.1.0",
      "resolved": "https://registry.npmjs.org/react-native-vision-camera/-/react-native-vision-camera-5.1.0.tgz"
    },
    "node_modules/react-native-web": {
      "version": "0.21.0",
      "resolved": "https://registry.npmjs.org/react-native-web/-/react-native-web-0.21.0.tgz"
    },
    "node_modules/react-native-worklets": {
      "version": "0.10.0",
      "resolved": "https://registry.npmjs.org/react-native-worklets/-/react-native-worklets-0.10.0.tgz"
    },
    "node_modules/react-native-worklets-core": {
      "version": "1.6.3",
      "resolved": "https://registry.npmjs.org/react-native-worklets-core/-/react-native-worklets-core-1.6.3.tgz"
    },
    "node_modules/typescript": {
      "version": "6.0.3",
      "resolved": "https://registry.npmjs.org/typescript/-/typescript-6.0.3.tgz"
    },
    "node_modules/vision-camera-resize-plugin": {
      "version": "3.2.0",
      "resolved": "https://registry.npmjs.org/vision-camera-resize-plugin/-/vision-camera-resize-plugin-3.2.0.tgz"
    }
  }
}
